
Microsoft Visual Studio Solution File, Format Version 12.00
# Visual Studio Version 17
VisualStudioVersion = 17.6.33712.159
MinimumVisualStudioVersion = 10.0.40219.1
Project("{9A19103F-16F7-4668-BE54-9A1E7A4F7556}") = "YandexMarket", "YandexMarket\YandexMarket.csproj", "{282BD134-236B-4697-A489-1F92F990B4CD}"
EndProject
Project("{FAE04EC0-301F-11D3-BF4B-00C04F79EFBC}") = "YandexMarketConsoleApp", "YandexMarketConsoleApp\YandexMarketConsoleApp.csproj", "{DAD10F8E-19F7-45AA-8D53-C4EEE4B98859}"
EndProject
Global
	GlobalSection(SolutionConfigurationPlatforms) = preSolution
		Debug|Any CPU = Debug|Any CPU
		Release|Any CPU = Release|Any CPU
	EndGlobalSection
	GlobalSection(ProjectConfigurationPlatforms) = postSolution
		{282BD134-236B-4697-A489-1F92F990B4CD}.Debug|Any CPU.ActiveCfg = Debug|Any CPU
		{282BD134-236B-4697-A489-1F92F990B4CD}.Debug|Any CPU.Build.0 = Debug|Any CPU
		{282BD134-236B-4697-A489-1F92F990B4CD}.Release|Any CPU.ActiveCfg = Release|Any CPU
		{282BD134-236B-4697-A489-1F92F990B4CD}.Release|Any CPU.Build.0 = Release|Any CPU
		{DAD10F8E-19F7-45AA-8D53-C4EEE4B98859}.Debug|Any CPU.ActiveCfg = Debug|Any CPU
		{DAD10F8E-19F7-45AA-8D53-C4EEE4B98859}.Debug|Any CPU.Build.0 = Debug|Any CPU
		{DAD10F8E-19F7-45AA-8D53-C4EEE4B98859}.Release|Any CPU.ActiveCfg = Release|Any CPU
		{DAD10F8E-19F7-45AA-8D53-C4EEE4B98859}.Release|Any CPU.Build.0 = Release|Any CPU
	EndGlobalSection
	GlobalSection(SolutionProperties) = preSolution
		HideSolutionNode = FALSE
	EndGlobalSection
	GlobalSection(ExtensibilityGlobals) = postSolution
		SolutionGuid = {BCDC9572-0D93-44D8-B263-9BCE684911C2}
	EndGlobalSection
EndGlobal
